Microsoft Visual Studio Solution File, Format Version 12.00
# Visual Studio Version 17
VisualStudioVersion = 17.5.2.0
MinimumVisualStudioVersion = 10.0.40219.1
Project("{FAE04EC0-301F-11D3-BF4B-00C04F79EFBC}") = "TenXCards.Api", "TenXCards.Api.csproj", "{60CD4B3D-1DF2-E070-607E-77CDB1BF731A}"
EndProject
Global
	GlobalSection(SolutionConfigurationPlatforms) = preSolution
		Debug|Any CPU = Debug|Any CPU
		Release|Any CPU = Release|Any CPU
	EndGlobalSection
	GlobalSection(ProjectConfigurationPlatforms) = postSolution
		{60CD4B3D-1DF2-E070-607E-77CDB1BF731A}.Debug|Any CPU.ActiveCfg = Debug|Any CPU
		{60CD4B3D-1DF2-E070-607E-77CDB1BF731A}.Debug|Any CPU.Build.0 = Debug|Any CPU
		{60CD4B3D-1DF2-E070-607E-77CDB1BF731A}.Release|Any CPU.ActiveCfg = Release|Any CPU
		{60CD4B3D-1DF2-E070-607E-77CDB1BF731A}.Release|Any CPU.Build.0 = Release|Any CPU
	EndGlobalSection
	GlobalSection(SolutionProperties) = preSolution
		HideSolutionNode = FALSE
	EndGlobalSection
	GlobalSection(ExtensibilityGlobals) = postSolution
		SolutionGuid = {1D970EDA-F8CC-4397-B3A5-4EC6DEC71B7A}
	EndGlobalSection
EndGlobal
